
Microsoft Visual Studio Solution File, Format Version 12.00
# Visual Studio Version 17
VisualStudioVersion = 17.10.34928.147
MinimumVisualStudioVersion = 10.0.40219.1
Project("{9A19103F-16F7-4668-BE54-9A1E7A4F7556}") = "AspNet8DemoMVC", "AspNet8DemoMVC.csproj", "{ABBFBA5F-E9E6-48E0-9CE3-A937492558AF}"
EndProject
Project("{FAE04EC0-301F-11D3-BF4B-00C04F79EFBC}") = "Bulky.DataAccess", "..\Bulky.DataAccess\Bulky.DataAccess.csproj", "{FBA400DD-94F5-49A5-B711-99070A562CF5}"
EndProject
Project("{FAE04EC0-301F-11D3-BF4B-00C04F79EFBC}") = "Bulky.Models", "..\Bulky.Models\Bulky.Models.csproj", "{C333547C-82FB-4A9C-94C5-40430EE3F02F}"
EndProject
Project("{FAE04EC0-301F-11D3-BF4B-00C04F79EFBC}") = "Bulky.Utilities", "..\Bulky.Utilities\Bulky.Utilities.csproj", "{CBFA2244-3F6A-4EEA-B1FD-6F9CB2C6179B}"
EndProject
Global
	GlobalSection(SolutionConfigurationPlatforms) = preSolution
		Debug|Any CPU = Debug|Any CPU
		Release|Any CPU = Release|Any CPU
	EndGlobalSection
	GlobalSection(ProjectConfigurationPlatforms) = postSolution
		{ABBFBA5F-E9E6-48E0-9CE3-A937492558AF}.Debug|Any CPU.ActiveCfg = Debug|Any CPU
		{ABBFBA5F-E9E6-48E0-9CE3-A937492558AF}.Debug|Any CPU.Build.0 = Debug|Any CPU
		{ABBFBA5F-E9E6-48E0-9CE3-A937492558AF}.Release|Any CPU.ActiveCfg = Release|Any CPU
		{ABBFBA5F-E9E6-48E0-9CE3-A937492558AF}.Release|Any CPU.Build.0 = Release|Any CPU
		{FBA400DD-94F5-49A5-B711-99070A562CF5}.Debug|Any CPU.ActiveCfg = Debug|Any CPU
		{FBA400DD-94F5-49A5-B711-99070A562CF5}.Debug|Any CPU.Build.0 = Debug|Any CPU
		{FBA400DD-94F5-49A5-B711-99070A562CF5}.Release|Any CPU.ActiveCfg = Release|Any CPU
		{FBA400DD-94F5-49A5-B711-99070A562CF5}.Release|Any CPU.Build.0 = Release|Any CPU
		{C333547C-82FB-4A9C-94C5-40430EE3F02F}.Debug|Any CPU.ActiveCfg = Debug|Any CPU
		{C333547C-82FB-4A9C-94C5-40430EE3F02F}.Debug|Any CPU.Build.0 = Debug|Any CPU
		{C333547C-82FB-4A9C-94C5-40430EE3F02F}.Release|Any CPU.ActiveCfg = Release|Any CPU
		{C333547C-82FB-4A9C-94C5-40430EE3F02F}.Release|Any CPU.Build.0 = Release|Any CPU
		{CBFA2244-3F6A-4EEA-B1FD-6F9CB2C6179B}.Debug|Any CPU.ActiveCfg = Debug|Any CPU
		{CBFA2244-3F6A-4EEA-B1FD-6F9CB2C6179B}.Debug|Any CPU.Build.0 = Debug|Any CPU
		{CBFA2244-3F6A-4EEA-B1FD-6F9CB2C6179B}.Release|Any CPU.ActiveCfg = Release|Any CPU
		{CBFA2244-3F6A-4EEA-B1FD-6F9CB2C6179B}.Release|Any CPU.Build.0 = Release|Any CPU
	EndGlobalSection
	GlobalSection(SolutionProperties) = preSolution
		HideSolutionNode = FALSE
	EndGlobalSection
	GlobalSection(ExtensibilityGlobals) = postSolution
		SolutionGuid = {199B7ECE-6968-491A-A8BB-4C2F8572AF26}
	EndGlobalSection
EndGlobal
